
Microsoft Visual Studio Solution File, Format Version 12.00
# Visual Studio Version 16
VisualStudioVersion = 16.0.33927.289
MinimumVisualStudioVersion = 10.0.40219.1
Project("{2150E333-8FDC-42A3-9474-1A3956D46DE8}") = "Task0", "Task0", "{32D9119D-EF29-493B-ACB3-F43965ACC2F8}"
EndProject
Project("{FAE04EC0-301F-11D3-BF4B-00C04F79EFBC}") = "Tyuiu.PostnikovDU.Sprint0.Task0.V0", "Tyuiu.PostnikovDU.Sprint0.Task0.V0\Tyuiu.PostnikovDU.Sprint0.Task0.V0.csproj", "{02CEAEB5-6D7D-4B72-AB77-E57FA06789F9}"
EndProject
Project("{2150E333-8FDC-42A3-9474-1A3956D46DE8}") = "Task1", "Task1", "{68A85A3A-21DC-416F-B743-021529803D0B}"
EndProject
Project("{FAE04EC0-301F-11D3-BF4B-00C04F79EFBC}") = "Tyuiu.PostnikovDU.Sprint0.Task1.V0", "Tyuiu.PostnikovDU.Sprint0.Task1.V0\Tyuiu.PostnikovDU.Sprint0.Task1.V0.csproj", "{F4F950E7-5266-4AD6-93CF-83DAE737F565}"
EndProject
Project("{2150E333-8FDC-42A3-9474-1A3956D46DE8}") = "Task2", "Task2", "{30AAB761-44AB-4256-9482-A355FB85EB3A}"
EndProject
Project("{FAE04EC0-301F-11D3-BF4B-00C04F79EFBC}") = "Tyuiu.PostnikovDU.Sprint0.Task2.V0", "Tyuiu.PostnikovDU.Sprint0.Task2.V0\Tyuiu.PostnikovDU.Sprint0.Task2.V0.csproj", "{17F1679A-3711-4E14-9FBE-0A747C98EAEB}"
EndProject
Project("{FAE04EC0-301F-11D3-BF4B-00C04F79EFBC}") = "Tyuiu.PostnikovDU.Sprint0.Task2.V0.Lib", "Tyuiu.PostnikovDU.Sprint0.Task2.V0.Lib\Tyuiu.PostnikovDU.Sprint0.Task2.V0.Lib.csproj", "{61646837-9828-421A-94CA-2567CB99000C}"
EndProject
Project("{FAE04EC0-301F-11D3-BF4B-00C04F79EFBC}") = "Tyuiu.PostnikovDU.Sprint0.Task2.V0.Test", "Tyuiu.PostnikovDU.Sprint0.Task2.V0.Test\Tyuiu.PostnikovDU.Sprint0.Task2.V0.Test.csproj", "{BCB79ED2-28B9-4D4E-8087-10A666EE4203}"
EndProject
Project("{2150E333-8FDC-42A3-9474-1A3956D46DE8}") = "Task3", "Task3", "{93369B66-EDEC-417A-AD65-2089DE20BD3E}"
EndProject
Project("{FAE04EC0-301F-11D3-BF4B-00C04F79EFBC}") = "Tyuiu.PostnikovDU.Sprint0.Task3.V0", "Tyuiu.PostnikovDU.Sprint0.Task3.V0\Tyuiu.PostnikovDU.Sprint0.Task3.V0.csproj", "{74D70020-020D-457D-B4FD-1949F60BA78D}"
EndProject
Project("{FAE04EC0-301F-11D3-BF4B-00C04F79EFBC}") = "Tyuiu.PostnikovDU.Sprint0.Task3.V0.Lib", "Tyuiu.PostnikovDU.Sprint0.Task3.V0.Lib\Tyuiu.PostnikovDU.Sprint0.Task3.V0.Lib.csproj", "{888EF834-C874-408C-B32B-BA2432ADCF5D}"
EndProject
Project("{FAE04EC0-301F-11D3-BF4B-00C04F79EFBC}") = "Tyuiu.PostnikovDU.Sprint0.Task3.V0.Test", "Tyuiu.PostnikovDU.Sprint0.Task3.V0.Test\Tyuiu.PostnikovDU.Sprint0.Task3.V0.Test.csproj", "{BE53F738-84AA-4BA5-BE65-3CE0FFACBA21}"
EndProject
Project("{2150E333-8FDC-42A3-9474-1A3956D46DE8}") = "Task4", "Task4", "{C9DE8B1A-1558-4C6B-B6B2-60BA5A6E5FFB}"
EndProject
Project("{FAE04EC0-301F-11D3-BF4B-00C04F79EFBC}") = "Tyuiu.PostnikovDU.Sprint0.Task4.V0.Lib", "Tyuiu.PostnikovDU.Sprint0.Task4.Lib\Tyuiu.PostnikovDU.Sprint0.Task4.V0.Lib.csproj", "{57169067-E94E-49C5-8809-4DF9E6CA8C64}"
EndProject
Project("{FAE04EC0-301F-11D3-BF4B-00C04F79EFBC}") = "Tyuiu.PostnikovDU.Sprint0.Task4.V0.Test", "Tyuiu.PostnikovDU.Sprint0.Task4.V0.Test\Tyuiu.PostnikovDU.Sprint0.Task4.V0.Test.csproj", "{52413F0B-C610-41AB-851A-80652CFAC27E}"
EndProject
Project("{FAE04EC0-301F-11D3-BF4B-00C04F79EFBC}") = "Tyuiu.PostnikovDU.Sprint0.Task4.V0", "Tyuiu.PostnikovDU.Sprint0.Task4.V0\Tyuiu.PostnikovDU.Sprint0.Task4.V0.csproj", "{B6BFE59C-A15E-4461-8BD3-C00BA3817EBE}"
EndProject
Project("{2150E333-8FDC-42A3-9474-1A3956D46DE8}") = "Task5", "Task5", "{614FA41A-6268-4596-A949-E85B9684ECBB}"
EndProject
Project("{FAE04EC0-301F-11D3-BF4B-00C04F79EFBC}") = "Tyuiu.PostnikovDU.Sprint0.Task5.V0", "Tyuiu.PostnikovDU.Sprint0.Task5.V0\Tyuiu.PostnikovDU.Sprint0.Task5.V0.csproj", "{C6EBDA2A-6A8D-48B8-87FE-EACC2A079A67}"
EndProject
Project("{FAE04EC0-301F-11D3-BF4B-00C04F79EFBC}") = "Tyuiu.PostnikovDU.Sprint0.Task5.V0.Lib", "Tyuiu.PostnikovDU.Sprint0.Task5.V0.Lib\Tyuiu.PostnikovDU.Sprint0.Task5.V0.Lib.csproj", "{875BDF76-D45C-4BE1-BE53-A6BEC1A9D705}"
EndProject
Project("{FAE04EC0-301F-11D3-BF4B-00C04F79EFBC}") = "Tyuiu.PostnikovDU.Sprint0.Task5.V0.Test", "Tyuiu.PostnikovDU.Sprint0.Task5.V0.Test\Tyuiu.PostnikovDU.Sprint0.Task5.V0.Test.csproj", "{55C93178-833C-40A9-B53C-459321112DC4}"
EndProject
Global
	GlobalSection(SolutionConfigurationPlatforms) = preSolution
		Debug|Any CPU = Debug|Any CPU
		Release|Any CPU = Release|Any CPU
	EndGlobalSection
	GlobalSection(ProjectConfigurationPlatforms) = postSolution
		{02CEAEB5-6D7D-4B72-AB77-E57FA06789F9}.Debug|Any CPU.ActiveCfg = Debug|Any CPU
		{02CEAEB5-6D7D-4B72-AB77-E57FA06789F9}.Debug|Any CPU.Build.0 = Debug|Any CPU
		{02CEAEB5-6D7D-4B72-AB77-E57FA06789F9}.Release|Any CPU.ActiveCfg = Release|Any CPU
		{02CEAEB5-6D7D-4B72-AB77-E57FA06789F9}.Release|Any CPU.Build.0 = Release|Any CPU
		{F4F950E7-5266-4AD6-93CF-83DAE737F565}.Debug|Any CPU.ActiveCfg = Debug|Any CPU
		{F4F950E7-5266-4AD6-93CF-83DAE737F565}.Debug|Any CPU.Build.0 = Debug|Any CPU
		{F4F950E7-5266-4AD6-93CF-83DAE737F565}.Release|Any CPU.ActiveCfg = Release|Any CPU
		{F4F950E7-5266-4AD6-93CF-83DAE737F565}.Release|Any CPU.Build.0 = Release|Any CPU
		{17F1679A-3711-4E14-9FBE-0A747C98EAEB}.Debug|Any CPU.ActiveCfg = Debug|Any CPU
		{17F1679A-3711-4E14-9FBE-0A747C98EAEB}.Debug|Any CPU.Build.0 = Debug|Any CPU
		{17F1679A-3711-4E14-9FBE-0A747C98EAEB}.Release|Any CPU.ActiveCfg = Release|Any CPU
		{17F1679A-3711-4E14-9FBE-0A747C98EAEB}.Release|Any CPU.Build.0 = Release|Any CPU
		{61646837-9828-421A-94CA-2567CB99000C}.Debug|Any CPU.ActiveCfg = Debug|Any CPU
		{61646837-9828-421A-94CA-2567CB99000C}.Debug|Any CPU.Build.0 = Debug|Any CPU
		{61646837-9828-421A-94CA-2567CB99000C}.Release|Any CPU.ActiveCfg = Release|Any CPU
		{61646837-9828-421A-94CA-2567CB99000C}.Release|Any CPU.Build.0 = Release|Any CPU
		{BCB79ED2-28B9-4D4E-8087-10A666EE4203}.Debug|Any CPU.ActiveCfg = Debug|Any CPU
		{BCB79ED2-28B9-4D4E-8087-10A666EE4203}.Debug|Any CPU.Build.0 = Debug|Any CPU
		{BCB79ED2-28B9-4D4E-8087-10A666EE4203}.Release|Any CPU.ActiveCfg = Release|Any CPU
		{BCB79ED2-28B9-4D4E-8087-10A666EE4203}.Release|Any CPU.Build.0 = Release|Any CPU
		{74D70020-020D-457D-B4FD-1949F60BA78D}.Debug|Any CPU.ActiveCfg = Debug|Any CPU
		{74D70020-020D-457D-B4FD-1949F60BA78D}.Debug|Any CPU.Build.0 = Debug|Any CPU
		{74D70020-020D-457D-B4FD-1949F60BA78D}.Release|Any CPU.ActiveCfg = Release|Any CPU
		{74D70020-020D-457D-B4FD-1949F60BA78D}.Release|Any CPU.Build.0 = Release|Any CPU
		{888EF834-C874-408C-B32B-BA2432ADCF5D}.Debug|Any CPU.ActiveCfg = Debug|Any CPU
		{888EF834-C874-408C-B32B-BA2432ADCF5D}.Debug|Any CPU.Build.0 = Debug|Any CPU
		{888EF834-C874-408C-B32B-BA2432ADCF5D}.Release|Any CPU.ActiveCfg = Release|Any CPU
		{888EF834-C874-408C-B32B-BA2432ADCF5D}.Release|Any CPU.Build.0 = Release|Any CPU
		{BE53F738-84AA-4BA5-BE65-3CE0FFACBA21}.Debug|Any CPU.ActiveCfg = Debug|Any CPU
		{BE53F738-84AA-4BA5-BE65-3CE0FFACBA21}.Debug|Any CPU.Build.0 = Debug|Any CPU
		{BE53F738-84AA-4BA5-BE65-3CE0FFACBA21}.Release|Any CPU.ActiveCfg = Release|Any CPU
		{BE53F738-84AA-4BA5-BE65-3CE0FFACBA21}.Release|Any CPU.Build.0 = Release|Any CPU
		{57169067-E94E-49C5-8809-4DF9E6CA8C64}.Debug|Any CPU.ActiveCfg = Debug|Any CPU
		{57169067-E94E-49C5-8809-4DF9E6CA8C64}.Debug|Any CPU.Build.0 = Debug|Any CPU
		{57169067-E94E-49C5-8809-4DF9E6CA8C64}.Release|Any CPU.ActiveCfg = Release|Any CPU
		{57169067-E94E-49C5-8809-4DF9E6CA8C64}.Release|Any CPU.Build.0 = Release|Any CPU
		{52413F0B-C610-41AB-851A-80652CFAC27E}.Debug|Any CPU.ActiveCfg = Debug|Any CPU
		{52413F0B-C610-41AB-851A-80652CFAC27E}.Debug|Any CPU.Build.0 = Debug|Any CPU
		{52413F0B-C610-41AB-851A-80652CFAC27E}.Release|Any CPU.ActiveCfg = Release|Any CPU
		{52413F0B-C610-41AB-851A-80652CFAC27E}.Release|Any CPU.Build.0 = Release|Any CPU
		{B6BFE59C-A15E-4461-8BD3-C00BA3817EBE}.Debug|Any CPU.ActiveCfg = Debug|Any CPU
		{B6BFE59C-A15E-4461-8BD3-C00BA3817EBE}.Debug|Any CPU.Build.0 = Debug|Any CPU
		{B6BFE59C-A15E-4461-8BD3-C00BA3817EBE}.Release|Any CPU.ActiveCfg = Release|Any CPU
		{B6BFE59C-A15E-4461-8BD3-C00BA3817EBE}.Release|Any CPU.Build.0 = Release|Any CPU
		{C6EBDA2A-6A8D-48B8-87FE-EACC2A079A67}.Debug|Any CPU.ActiveCfg = Debug|Any CPU
		{C6EBDA2A-6A8D-48B8-87FE-EACC2A079A67}.Debug|Any CPU.Build.0 = Debug|Any CPU
		{C6EBDA2A-6A8D-48B8-87FE-EACC2A079A67}.Release|Any CPU.ActiveCfg = Release|Any CPU
		{C6EBDA2A-6A8D-48B8-87FE-EACC2A079A67}.Release|Any CPU.Build.0 = Release|Any CPU
		{875BDF76-D45C-4BE1-BE53-A6BEC1A9D705}.Debug|Any CPU.ActiveCfg = Debug|Any CPU
		{875BDF76-D45C-4BE1-BE53-A6BEC1A9D705}.Debug|Any CPU.Build.0 = Debug|Any CPU
		{875BDF76-D45C-4BE1-BE53-A6BEC1A9D705}.Release|Any CPU.ActiveCfg = Release|Any CPU
		{875BDF76-D45C-4BE1-BE53-A6BEC1A9D705}.Release|Any CPU.Build.0 = Release|Any CPU
		{55C93178-833C-40A9-B53C-459321112DC4}.Debug|Any CPU.ActiveCfg = Debug|Any CPU
		{55C93178-833C-40A9-B53C-459321112DC4}.Debug|Any CPU.Build.0 = Debug|Any CPU
		{55C93178-833C-40A9-B53C-459321112DC4}.Release|Any CPU.ActiveCfg = Release|Any CPU
		{55C93178-833C-40A9-B53C-459321112DC4}.Release|Any CPU.Build.0 = Release|Any CPU
	EndGlobalSection
	GlobalSection(SolutionProperties) = preSolution
		HideSolutionNode = FALSE
	EndGlobalSection
	GlobalSection(NestedProjects) = preSolution
		{02CEAEB5-6D7D-4B72-AB77-E57FA06789F9} = {32D9119D-EF29-493B-ACB3-F43965ACC2F8}
		{F4F950E7-5266-4AD6-93CF-83DAE737F565} = {68A85A3A-21DC-416F-B743-021529803D0B}
		{17F1679A-3711-4E14-9FBE-0A747C98EAEB} = {30AAB761-44AB-4256-9482-A355FB85EB3A}
		{61646837-9828-421A-94CA-2567CB99000C} = {30AAB761-44AB-4256-9482-A355FB85EB3A}
		{BCB79ED2-28B9-4D4E-8087-10A666EE4203} = {30AAB761-44AB-4256-9482-A355FB85EB3A}
		{74D70020-020D-457D-B4FD-1949F60BA78D} = {93369B66-EDEC-417A-AD65-2089DE20BD3E}
		{888EF834-C874-408C-B32B-BA2432ADCF5D} = {93369B66-EDEC-417A-AD65-2089DE20BD3E}
		{BE53F738-84AA-4BA5-BE65-3CE0FFACBA21} = {93369B66-EDEC-417A-AD65-2089DE20BD3E}
		{57169067-E94E-49C5-8809-4DF9E6CA8C64} = {C9DE8B1A-1558-4C6B-B6B2-60BA5A6E5FFB}
		{52413F0B-C610-41AB-851A-80652CFAC27E} = {C9DE8B1A-1558-4C6B-B6B2-60BA5A6E5FFB}
		{B6BFE59C-A15E-4461-8BD3-C00BA3817EBE} = {C9DE8B1A-1558-4C6B-B6B2-60BA5A6E5FFB}
		{C6EBDA2A-6A8D-48B8-87FE-EACC2A079A67} = {614FA41A-6268-4596-A949-E85B9684ECBB}
		{875BDF76-D45C-4BE1-BE53-A6BEC1A9D705} = {614FA41A-6268-4596-A949-E85B9684ECBB}
		{55C93178-833C-40A9-B53C-459321112DC4} = {614FA41A-6268-4596-A949-E85B9684ECBB}
	EndGlobalSection
	GlobalSection(ExtensibilityGlobals) = postSolution
		SolutionGuid = {007E86FC-2E31-4B03-99C6-492666EEDC54}
	EndGlobalSection
EndGlobal
